
Microsoft Visual Studio Solution File, Format Version 12.00
# Visual Studio 15
VisualStudioVersion = 15.0.26430.15
MinimumVisualStudioVersion = 10.0.40219.1
Project("{FAE04EC0-301F-11D3-BF4B-00C04F79EFBC}") = "VirtoCommerce.Contentful", "VirtoCommerce.Contentful\VirtoCommerce.Contentful.csproj", "{CAF70C65-F29B-46F2-8890-C6131ED57832}"
EndProject
Global
	GlobalSection(SolutionConfigurationPlatforms) = preSolution
		Debug|Any CPU = Debug|Any CPU
		Release|Any CPU = Release|Any CPU
	EndGlobalSection
	GlobalSection(ProjectConfigurationPlatforms) = postSolution
		{CAF70C65-F29B-46F2-8890-C6131ED57832}.Debug|Any CPU.ActiveCfg = Debug|Any CPU
		{CAF70C65-F29B-46F2-8890-C6131ED57832}.Debug|Any CPU.Build.0 = Debug|Any CPU
		{CAF70C65-F29B-46F2-8890-C6131ED57832}.Release|Any CPU.ActiveCfg = Release|Any CPU
		{CAF70C65-F29B-46F2-8890-C6131ED57832}.Release|Any CPU.Build.0 = Release|Any CPU
	EndGlobalSection
	GlobalSection(SolutionProperties) = preSolution
		HideSolutionNode = FALSE
	EndGlobalSection
EndGlobal
