
Microsoft Visual Studio Solution File, Format Version 12.00
# Visual Studio Version 17
VisualStudioVersion = 17.4.33205.214
MinimumVisualStudioVersion = 10.0.40219.1
Project("{FAE04EC0-301F-11D3-BF4B-00C04F79EFBC}") = "VirtoCommerce.Contentful.Web", "src\VirtoCommerce.Contentful.Web\VirtoCommerce.Contentful.Web.csproj", "{798FE35E-7372-47E9-BC88-0552940CAFDC}"
EndProject
Project("{FAE04EC0-301F-11D3-BF4B-00C04F79EFBC}") = "VirtoCommerce.Contentful.Core", "src\VirtoCommerce.Contentful.Core\VirtoCommerce.Contentful.Core.csproj", "{A9DB8F4E-22D9-4379-9164-5E3650CF96CE}"
EndProject
Project("{FAE04EC0-301F-11D3-BF4B-00C04F79EFBC}") = "VirtoCommerce.Contentful.Data", "src\VirtoCommerce.Contentful.Data\VirtoCommerce.Contentful.Data.csproj", "{A272A25A-45F5-4D68-8848-9234A1262F55}"
EndProject
Global
	GlobalSection(SolutionConfigurationPlatforms) = preSolution
		Debug|Any CPU = Debug|Any CPU
		Release|Any CPU = Release|Any CPU
	EndGlobalSection
	GlobalSection(ProjectConfigurationPlatforms) = postSolution
		{798FE35E-7372-47E9-BC88-0552940CAFDC}.Debug|Any CPU.ActiveCfg = Debug|Any CPU
		{798FE35E-7372-47E9-BC88-0552940CAFDC}.Debug|Any CPU.Build.0 = Debug|Any CPU
		{798FE35E-7372-47E9-BC88-0552940CAFDC}.Release|Any CPU.ActiveCfg = Release|Any CPU
		{798FE35E-7372-47E9-BC88-0552940CAFDC}.Release|Any CPU.Build.0 = Release|Any CPU
		{A9DB8F4E-22D9-4379-9164-5E3650CF96CE}.Debug|Any CPU.ActiveCfg = Debug|Any CPU
		{A9DB8F4E-22D9-4379-9164-5E3650CF96CE}.Debug|Any CPU.Build.0 = Debug|Any CPU
		{A9DB8F4E-22D9-4379-9164-5E3650CF96CE}.Release|Any CPU.ActiveCfg = Release|Any CPU
		{A9DB8F4E-22D9-4379-9164-5E3650CF96CE}.Release|Any CPU.Build.0 = Release|Any CPU
		{A272A25A-45F5-4D68-8848-9234A1262F55}.Debug|Any CPU.ActiveCfg = Debug|Any CPU
		{A272A25A-45F5-4D68-8848-9234A1262F55}.Debug|Any CPU.Build.0 = Debug|Any CPU
		{A272A25A-45F5-4D68-8848-9234A1262F55}.Release|Any CPU.ActiveCfg = Release|Any CPU
		{A272A25A-45F5-4D68-8848-9234A1262F55}.Release|Any CPU.Build.0 = Release|Any CPU
	EndGlobalSection
	GlobalSection(SolutionProperties) = preSolution
		HideSolutionNode = FALSE
	EndGlobalSection
	GlobalSection(ExtensibilityGlobals) = postSolution
		SolutionGuid = {27D4678D-924E-4395-B622-2A26F84C884E}
	EndGlobalSection
EndGlobal
