
Microsoft Visual Studio Solution File, Format Version 12.00
# Visual Studio Version 16
VisualStudioVersion = 16.0.29911.84
MinimumVisualStudioVersion = 10.0.40219.1
Project("{2150E333-8FDC-42A3-9474-1A3956D46DE8}") = "src", "src", "{F88F04C2-5497-4EA2-A188-AB4674C4C106}"
EndProject
Project("{2150E333-8FDC-42A3-9474-1A3956D46DE8}") = "tests", "tests", "{D1433C1C-96A1-4C3D-A3A5-A8D5B73B811E}"
EndProject
Project("{9A19103F-16F7-4668-BE54-9A1E7A4F7556}") = "VirtoCommerce.ContentfulModule.Web", "src\VirtoCommerce.ContentfulModule.Web\VirtoCommerce.ContentfulModule.Web.csproj", "{E99693DA-9F50-458D-9B93-7560A61DB43E}"
EndProject
Global
	GlobalSection(SolutionConfigurationPlatforms) = preSolution
		Debug|Any CPU = Debug|Any CPU
		Release|Any CPU = Release|Any CPU
	EndGlobalSection
	GlobalSection(ProjectConfigurationPlatforms) = postSolution
		{E99693DA-9F50-458D-9B93-7560A61DB43E}.Debug|Any CPU.ActiveCfg = Debug|Any CPU
		{E99693DA-9F50-458D-9B93-7560A61DB43E}.Debug|Any CPU.Build.0 = Debug|Any CPU
		{E99693DA-9F50-458D-9B93-7560A61DB43E}.Release|Any CPU.ActiveCfg = Release|Any CPU
		{E99693DA-9F50-458D-9B93-7560A61DB43E}.Release|Any CPU.Build.0 = Release|Any CPU
	EndGlobalSection
	GlobalSection(SolutionProperties) = preSolution
		HideSolutionNode = FALSE
	EndGlobalSection
	GlobalSection(NestedProjects) = preSolution
		{E99693DA-9F50-458D-9B93-7560A61DB43E} = {F88F04C2-5497-4EA2-A188-AB4674C4C106}
	EndGlobalSection
	GlobalSection(ExtensibilityGlobals) = postSolution
		SolutionGuid = {370BD1C4-0670-469B-A284-8E5AC18EC058}
	EndGlobalSection
EndGlobal
